// !$*UTF8*$!
{
	archiveVersion = 1;
	classes = {
	};
	objectVersion = 56;
	objects = {

/* Begin PBXBuildFile section */
		AF12AD272BAB5E5F00BFA9C7 /* MainView.swift in Sources */ = {isa = PBXBuildFile; fileRef = AF12AD262BAB5E5F00BFA9C7 /* MainView.swift */; };
		AF12AD292BABDC3100BFA9C7 /* UserViewModel.swift in Sources */ = {isa = PBXBuildFile; fileRef = AF12AD282BABDC3100BFA9C7 /* UserViewModel.swift */; };
		AF12AD2B2BAC0FE700BFA9C7 /* ActivityCellView.swift in Sources */ = {isa = PBXBuildFile; fileRef = AF12AD2A2BAC0FE700BFA9C7 /* ActivityCellView.swift */; };
		AF12AD2D2BAC1D9B00BFA9C7 /* LandingPageView01.swift in Sources */ = {isa = PBXBuildFile; fileRef = AF12AD2C2BAC1D9B00BFA9C7 /* LandingPageView01.swift */; };
		AF12AD2F2BAC1F3400BFA9C7 /* LandingPageView02.swift in Sources */ = {isa = PBXBuildFile; fileRef = AF12AD2E2BAC1F3400BFA9C7 /* LandingPageView02.swift */; };
		AF8445B82BA72366007B9E6B /* LogLifeApp.swift in Sources */ = {isa = PBXBuildFile; fileRef = AF8445B72BA72366007B9E6B /* LogLifeApp.swift */; };
		AF8445BA2BA72366007B9E6B /* ContentView.swift in Sources */ = {isa = PBXBuildFile; fileRef = AF8445B92BA72366007B9E6B /* ContentView.swift */; };
		AF8445BC2BA72367007B9E6B /* Assets.xcassets in Resources */ = {isa = PBXBuildFile; fileRef = AF8445BB2BA72367007B9E6B /* Assets.xcassets */; };
		AF8445BF2BA72367007B9E6B /* Preview Assets.xcassets in Resources */ = {isa = PBXBuildFile; fileRef = AF8445BE2BA72367007B9E6B /* Preview Assets.xcassets */; };
		AF8445C92BA72367007B9E6B /* LogLifeTests.swift in Sources */ = {isa = PBXBuildFile; fileRef = AF8445C82BA72367007B9E6B /* LogLifeTests.swift */; };
		AF8445D32BA72367007B9E6B /* LogLifeUITests.swift in Sources */ = {isa = PBXBuildFile; fileRef = AF8445D22BA72367007B9E6B /* LogLifeUITests.swift */; };
		AF8445D52BA72367007B9E6B /* LogLifeUITestsLaunchTests.swift in Sources */ = {isa = PBXBuildFile; fileRef = AF8445D42BA72367007B9E6B /* LogLifeUITestsLaunchTests.swift */; };
		AF8445E22BA8ACC1007B9E6B /* MainViewModel.swift in Sources */ = {isa = PBXBuildFile; fileRef = AF8445E12BA8ACC1007B9E6B /* MainViewModel.swift */; };
		AF8445E42BA9933E007B9E6B /* ActivitiesView.swift in Sources */ = {isa = PBXBuildFile; fileRef = AF8445E32BA9933E007B9E6B /* ActivitiesView.swift */; };
		AF8445E62BA9941A007B9E6B /* LoginView.swift in Sources */ = {isa = PBXBuildFile; fileRef = AF8445E52BA9941A007B9E6B /* LoginView.swift */; };
		AF8445E82BA99992007B9E6B /* ActivitiesViewModel.swift in Sources */ = {isa = PBXBuildFile; fileRef = AF8445E72BA99992007B9E6B /* ActivitiesViewModel.swift */; };
		AF8445EA2BA99ABD007B9E6B /* LoginViewModel.swift in Sources */ = {isa = PBXBuildFile; fileRef = AF8445E92BA99ABD007B9E6B /* LoginViewModel.swift */; };
/* End PBXBuildFile section */

/* Begin PBXContainerItemProxy section */
		AF8445C52BA72367007B9E6B /* PBXContainerItemProxy */ = {
			isa = PBXContainerItemProxy;
			containerPortal = AF8445AC2BA72366007B9E6B /* Project object */;
			proxyType = 1;
			remoteGlobalIDString = AF8445B32BA72366007B9E6B;
			remoteInfo = LogLife;
		};
		AF8445CF2BA72367007B9E6B /* PBXContainerItemProxy */ = {
			isa = PBXContainerItemProxy;
			containerPortal = AF8445AC2BA72366007B9E6B /* Project object */;
			proxyType = 1;
			remoteGlobalIDString = AF8445B32BA72366007B9E6B;
			remoteInfo = LogLife;
		};
/* End PBXContainerItemProxy section */

/* Begin PBXFileReference section */
		AF12AD262BAB5E5F00BFA9C7 /* MainView.swift */ = {isa = PBXFileReference; lastKnownFileType = sourcecode.swift; path = MainView.swift; sourceTree = "<group>"; };
		AF12AD282BABDC3100BFA9C7 /* UserViewModel.swift */ = {isa = PBXFileReference; lastKnownFileType = sourcecode.swift; path = UserViewModel.swift; sourceTree = "<group>"; };
		AF12AD2A2BAC0FE700BFA9C7 /* ActivityCellView.swift */ = {isa = PBXFileReference; lastKnownFileType = sourcecode.swift; path = ActivityCellView.swift; sourceTree = "<group>"; };
		AF12AD2C2BAC1D9B00BFA9C7 /* LandingPageView01.swift */ = {isa = PBXFileReference; lastKnownFileType = sourcecode.swift; path = LandingPageView01.swift; sourceTree = "<group>"; };
		AF12AD2E2BAC1F3400BFA9C7 /* LandingPageView02.swift */ = {isa = PBXFileReference; lastKnownFileType = sourcecode.swift; path = LandingPageView02.swift; sourceTree = "<group>"; };
		AF8445B42BA72366007B9E6B /* LogLife.app */ = {isa = PBXFileReference; explicitFileType = wrapper.application; includeInIndex = 0; path = LogLife.app; sourceTree = BUILT_PRODUCTS_DIR; };
		AF8445B72BA72366007B9E6B /* LogLifeApp.swift */ = {isa = PBXFileReference; lastKnownFileType = sourcecode.swift; path = LogLifeApp.swift; sourceTree = "<group>"; };
		AF8445B92BA72366007B9E6B /* ContentView.swift */ = {isa = PBXFileReference; lastKnownFileType = sourcecode.swift; path = ContentView.swift; sourceTree = "<group>"; };
		AF8445BB2BA72367007B9E6B /* Assets.xcassets */ = {isa = PBXFileReference; lastKnownFileType = folder.assetcatalog; path = Assets.xcassets; sourceTree = "<group>"; };
		AF8445BE2BA72367007B9E6B /* Preview Assets.xcassets */ = {isa = PBXFileReference; lastKnownFileType = folder.assetcatalog; path = "Preview Assets.xcassets"; sourceTree = "<group>"; };
		AF8445C42BA72367007B9E6B /* LogLifeTests.xctest */ = {isa = PBXFileReference; explicitFileType = wrapper.cfbundle; includeInIndex = 0; path = LogLifeTests.xctest; sourceTree = BUILT_PRODUCTS_DIR; };
		AF8445C82BA72367007B9E6B /* LogLifeTests.swift */ = {isa = PBXFileReference; lastKnownFileType = sourcecode.swift; path = LogLifeTests.swift; sourceTree = "<group>"; };
		AF8445CE2BA72367007B9E6B /* LogLifeUITests.xctest */ = {isa = PBXFileReference; explicitFileType = wrapper.cfbundle; includeInIndex = 0; path = LogLifeUITests.xctest; sourceTree = BUILT_PRODUCTS_DIR; };
		AF8445D22BA72367007B9E6B /* LogLifeUITests.swift */ = {isa = PBXFileReference; lastKnownFileType = sourcecode.swift; path = LogLifeUITests.swift; sourceTree = "<group>"; };
		AF8445D42BA72367007B9E6B /* LogLifeUITestsLaunchTests.swift */ = {isa = PBXFileReference; lastKnownFileType = sourcecode.swift; path = LogLifeUITestsLaunchTests.swift; sourceTree = "<group>"; };
		AF8445E12BA8ACC1007B9E6B /* MainViewModel.swift */ = {isa = PBXFileReference; lastKnownFileType = sourcecode.swift; path = MainViewModel.swift; sourceTree = "<group>"; };
		AF8445E32BA9933E007B9E6B /* ActivitiesView.swift */ = {isa = PBXFileReference; lastKnownFileType = sourcecode.swift; path = ActivitiesView.swift; sourceTree = "<group>"; };
		AF8445E52BA9941A007B9E6B /* LoginView.swift */ = {isa = PBXFileReference; lastKnownFileType = sourcecode.swift; path = LoginView.swift; sourceTree = "<group>"; };
		AF8445E72BA99992007B9E6B /* ActivitiesViewModel.swift */ = {isa = PBXFileReference; lastKnownFileType = sourcecode.swift; path = ActivitiesViewModel.swift; sourceTree = "<group>"; };
		AF8445E92BA99ABD007B9E6B /* LoginViewModel.swift */ = {isa = PBXFileReference; lastKnownFileType = sourcecode.swift; path = LoginViewModel.swift; sourceTree = "<group>"; };
/* End PBXFileReference section */

/* Begin PBXFrameworksBuildPhase section */
		AF8445B12BA72366007B9E6B /* Frameworks */ = {
			isa = PBXFrameworksBuildPhase;
			buildActionMask = 2147483647;
			files = (
			);
			runOnlyForDeploymentPostprocessing = 0;
		};
		AF8445C12BA72367007B9E6B /* Frameworks */ = {
			isa = PBXFrameworksBuildPhase;
			buildActionMask = 2147483647;
			files = (
			);
			runOnlyForDeploymentPostprocessing = 0;
		};
		AF8445CB2BA72367007B9E6B /* Frameworks */ = {
			isa = PBXFrameworksBuildPhase;
			buildActionMask = 2147483647;
			files = (
			);
			runOnlyForDeploymentPostprocessing = 0;
		};
/* End PBXFrameworksBuildPhase section */

/* Begin PBXGroup section */
		AF12AD242BA9C99900BFA9C7 /* ViewModel */ = {
			isa = PBXGroup;
			children = (
				AF8445E12BA8ACC1007B9E6B /* MainViewModel.swift */,
				AF8445E92BA99ABD007B9E6B /* LoginViewModel.swift */,
				AF8445E72BA99992007B9E6B /* ActivitiesViewModel.swift */,
				AF12AD282BABDC3100BFA9C7 /* UserViewModel.swift */,
			);
			path = ViewModel;
			sourceTree = "<group>";
		};
		AF12AD252BA9C9B200BFA9C7 /* View */ = {
			isa = PBXGroup;
			children = (
				AF8445E52BA9941A007B9E6B /* LoginView.swift */,
				AF8445E32BA9933E007B9E6B /* ActivitiesView.swift */,
				AF12AD262BAB5E5F00BFA9C7 /* MainView.swift */,
				AF12AD2A2BAC0FE700BFA9C7 /* ActivityCellView.swift */,
				AF12AD2C2BAC1D9B00BFA9C7 /* LandingPageView01.swift */,
				AF12AD2E2BAC1F3400BFA9C7 /* LandingPageView02.swift */,
			);
			path = View;
			sourceTree = "<group>";
		};
		AF8445AB2BA72366007B9E6B = {
			isa = PBXGroup;
			children = (
				AF8445B62BA72366007B9E6B /* LogLife */,
				AF8445C72BA72367007B9E6B /* LogLifeTests */,
				AF8445D12BA72367007B9E6B /* LogLifeUITests */,
				AF8445B52BA72366007B9E6B /* Products */,
			);
			sourceTree = "<group>";
		};
		AF8445B52BA72366007B9E6B /* Products */ = {
			isa = PBXGroup;
			children = (
				AF8445B42BA72366007B9E6B /* LogLife.app */,
				AF8445C42BA72367007B9E6B /* LogLifeTests.xctest */,
				AF8445CE2BA72367007B9E6B /* LogLifeUITests.xctest */,
			);
			name = Products;
			sourceTree = "<group>";
		};
		AF8445B62BA72366007B9E6B /* LogLife */ = {
			isa = PBXGroup;
			children = (
				AF12AD252BA9C9B200BFA9C7 /* View */,
				AF12AD242BA9C99900BFA9C7 /* ViewModel */,
				AF8445B72BA72366007B9E6B /* LogLifeApp.swift */,
				AF8445B92BA72366007B9E6B /* ContentView.swift */,
				AF8445BB2BA72367007B9E6B /* Assets.xcassets */,
				AF8445BD2BA72367007B9E6B /* Preview Content */,
			);
			path = LogLife;
			sourceTree = "<group>";
		};
		AF8445BD2BA72367007B9E6B /* Preview Content */ = {
			isa = PBXGroup;
			children = (
				AF8445BE2BA72367007B9E6B /* Preview Assets.xcassets */,
			);
			path = "Preview Content";
			sourceTree = "<group>";
		};
		AF8445C72BA72367007B9E6B /* LogLifeTests */ = {
			isa = PBXGroup;
			children = (
				AF8445C82BA72367007B9E6B /* LogLifeTests.swift */,
			);
			path = LogLifeTests;
			sourceTree = "<group>";
		};
		AF8445D12BA72367007B9E6B /* LogLifeUITests */ = {
			isa = PBXGroup;
			children = (
				AF8445D22BA72367007B9E6B /* LogLifeUITests.swift */,
				AF8445D42BA72367007B9E6B /* LogLifeUITestsLaunchTests.swift */,
			);
			path = LogLifeUITests;
			sourceTree = "<group>";
		};
/* End PBXGroup section */

/* Begin PBXNativeTarget section */
		AF8445B32BA72366007B9E6B /* LogLife */ = {
			isa = PBXNativeTarget;
			buildConfigurationList = AF8445D82BA72367007B9E6B /* Build configuration list for PBXNativeTarget "LogLife" */;
			buildPhases = (
				AF8445B02BA72366007B9E6B /* Sources */,
				AF8445B12BA72366007B9E6B /* Frameworks */,
				AF8445B22BA72366007B9E6B /* Resources */,
			);
			buildRules = (
			);
			dependencies = (
			);
			name = LogLife;
			productName = LogLife;
			productReference = AF8445B42BA72366007B9E6B /* LogLife.app */;
			productType = "com.apple.product-type.application";
		};
		AF8445C32BA72367007B9E6B /* LogLifeTests */ = {
			isa = PBXNativeTarget;
			buildConfigurationList = AF8445DB2BA72367007B9E6B /* Build configuration list for PBXNativeTarget "LogLifeTests" */;
			buildPhases = (
				AF8445C02BA72367007B9E6B /* Sources */,
				AF8445C12BA72367007B9E6B /* Frameworks */,
				AF8445C22BA72367007B9E6B /* Resources */,
			);
			buildRules = (
			);
			dependencies = (
				AF8445C62BA72367007B9E6B /* PBXTargetDependency */,
			);
			name = LogLifeTests;
			productName = LogLifeTests;
			productReference = AF8445C42BA72367007B9E6B /* LogLifeTests.xctest */;
			productType = "com.apple.product-type.bundle.unit-test";
		};
		AF8445CD2BA72367007B9E6B /* LogLifeUITests */ = {
			isa = PBXNativeTarget;
			buildConfigurationList = AF8445DE2BA72367007B9E6B /* Build configuration list for PBXNativeTarget "LogLifeUITests" */;
			buildPhases = (
				AF8445CA2BA72367007B9E6B /* Sources */,
				AF8445CB2BA72367007B9E6B /* Frameworks */,
				AF8445CC2BA72367007B9E6B /* Resources */,
			);
			buildRules = (
			);
			dependencies = (
				AF8445D02BA72367007B9E6B /* PBXTargetDependency */,
			);
			name = LogLifeUITests;
			productName = LogLifeUITests;
			productReference = AF8445CE2BA72367007B9E6B /* LogLifeUITests.xctest */;
			productType = "com.apple.product-type.bundle.ui-testing";
		};
/* End PBXNativeTarget section */

/* Begin PBXProject section */
		AF8445AC2BA72366007B9E6B /* Project object */ = {
			isa = PBXProject;
			attributes = {
				BuildIndependentTargetsInParallel = 1;
				LastSwiftUpdateCheck = 1410;
				LastUpgradeCheck = 1410;
				TargetAttributes = {
					AF8445B32BA72366007B9E6B = {
						CreatedOnToolsVersion = 14.1;
					};
					AF8445C32BA72367007B9E6B = {
						CreatedOnToolsVersion = 14.1;
						TestTargetID = AF8445B32BA72366007B9E6B;
					};
					AF8445CD2BA72367007B9E6B = {
						CreatedOnToolsVersion = 14.1;
						TestTargetID = AF8445B32BA72366007B9E6B;
					};
				};
			};
			buildConfigurationList = AF8445AF2BA72366007B9E6B /* Build configuration list for PBXProject "LogLife" */;
			compatibilityVersion = "Xcode 14.0";
			developmentRegion = en;
			hasScannedForEncodings = 0;
			knownRegions = (
				en,
				Base,
			);
			mainGroup = AF8445AB2BA72366007B9E6B;
			productRefGroup = AF8445B52BA72366007B9E6B /* Products */;
			projectDirPath = "";
			projectRoot = "";
			targets = (
				AF8445B32BA72366007B9E6B /* LogLife */,
				AF8445C32BA72367007B9E6B /* LogLifeTests */,
				AF8445CD2BA72367007B9E6B /* LogLifeUITests */,
			);
		};
/* End PBXProject section */

/* Begin PBXResourcesBuildPhase section */
		AF8445B22BA72366007B9E6B /* Resources */ = {
			isa = PBXResourcesBuildPhase;
			buildActionMask = 2147483647;
			files = (
				AF8445BF2BA72367007B9E6B /* Preview Assets.xcassets in Resources */,
				AF8445BC2BA72367007B9E6B /* Assets.xcassets in Resources */,
			);
			runOnlyForDeploymentPostprocessing = 0;
		};
		AF8445C22BA72367007B9E6B /* Resources */ = {
			isa = PBXResourcesBuildPhase;
			buildActionMask = 2147483647;
			files = (
			);
			runOnlyForDeploymentPostprocessing = 0;
		};
		AF8445CC2BA72367007B9E6B /* Resources */ = {
			isa = PBXResourcesBuildPhase;
			buildActionMask = 2147483647;
			files = (
			);
			runOnlyForDeploymentPostprocessing = 0;
		};
/* End PBXResourcesBuildPhase section */

/* Begin PBXSourcesBuildPhase section */
		AF8445B02BA72366007B9E6B /* Sources */ = {
			isa = PBXSourcesBuildPhase;
			buildActionMask = 2147483647;
			files = (
				AF8445BA2BA72366007B9E6B /* ContentView.swift in Sources */,
				AF12AD272BAB5E5F00BFA9C7 /* MainView.swift in Sources */,
				AF12AD2D2BAC1D9B00BFA9C7 /* LandingPageView01.swift in Sources */,
				AF8445B82BA72366007B9E6B /* LogLifeApp.swift in Sources */,
				AF12AD2B2BAC0FE700BFA9C7 /* ActivityCellView.swift in Sources */,
				AF8445E22BA8ACC1007B9E6B /* MainViewModel.swift in Sources */,
				AF8445E82BA99992007B9E6B /* ActivitiesViewModel.swift in Sources */,
				AF8445E62BA9941A007B9E6B /* LoginView.swift in Sources */,
				AF8445E42BA9933E007B9E6B /* ActivitiesView.swift in Sources */,
				AF12AD2F2BAC1F3400BFA9C7 /* LandingPageView02.swift in Sources */,
				AF12AD292BABDC3100BFA9C7 /* UserViewModel.swift in Sources */,
				AF8445EA2BA99ABD007B9E6B /* LoginViewModel.swift in Sources */,
			);
			runOnlyForDeploymentPostprocessing = 0;
		};
		AF8445C02BA72367007B9E6B /* Sources */ = {
			isa = PBXSourcesBuildPhase;
			buildActionMask = 2147483647;
			files = (
				AF8445C92BA72367007B9E6B /* LogLifeTests.swift in Sources */,
			);
			runOnlyForDeploymentPostprocessing = 0;
		};
		AF8445CA2BA72367007B9E6B /* Sources */ = {
			isa = PBXSourcesBuildPhase;
			buildActionMask = 2147483647;
			files = (
				AF8445D32BA72367007B9E6B /* LogLifeUITests.swift in Sources */,
				AF8445D52BA72367007B9E6B /* LogLifeUITestsLaunchTests.swift in Sources */,
			);
			runOnlyForDeploymentPostprocessing = 0;
		};
/* End PBXSourcesBuildPhase section */

/* Begin PBXTargetDependency section */
		AF8445C62BA72367007B9E6B /* PBXTargetDependency */ = {
			isa = PBXTargetDependency;
			target = AF8445B32BA72366007B9E6B /* LogLife */;
			targetProxy = AF8445C52BA72367007B9E6B /* PBXContainerItemProxy */;
		};
		AF8445D02BA72367007B9E6B /* PBXTargetDependency */ = {
			isa = PBXTargetDependency;
			target = AF8445B32BA72366007B9E6B /* LogLife */;
			targetProxy = AF8445CF2BA72367007B9E6B /* PBXContainerItemProxy */;
		};
/* End PBXTargetDependency section */

/* Begin XCBuildConfiguration section */
		AF8445D62BA72367007B9E6B /* Debug */ = {
			isa = XCBuildConfiguration;
			buildSettings = {
				ALWAYS_SEARCH_USER_PATHS = NO;
				CLANG_ANALYZER_NONNULL = YES;
				CLANG_ANALYZER_NUMBER_OBJECT_CONVERSION = YES_AGGRESSIVE;
				CLANG_CXX_LANGUAGE_STANDARD = "gnu++20";
				CLANG_ENABLE_MODULES = YES;
				CLANG_ENABLE_OBJC_ARC = YES;
				CLANG_ENABLE_OBJC_WEAK = YES;
				CLANG_WARN_BLOCK_CAPTURE_AUTORELEASING = YES;
				CLANG_WARN_BOOL_CONVERSION = YES;
				CLANG_WARN_COMMA = YES;
				CLANG_WARN_CONSTANT_CONVERSION = YES;
				CLANG_WARN_DEPRECATED_OBJC_IMPLEMENTATIONS = YES;
				CLANG_WARN_DIRECT_OBJC_ISA_USAGE = YES_ERROR;
				CLANG_WARN_DOCUMENTATION_COMMENTS = YES;
				CLANG_WARN_EMPTY_BODY = YES;
				CLANG_WARN_ENUM_CONVERSION = YES;
				CLANG_WARN_INFINITE_RECURSION = YES;
				CLANG_WARN_INT_CONVERSION = YES;
				CLANG_WARN_NON_LITERAL_NULL_CONVERSION = YES;
				CLANG_WARN_OBJC_IMPLICIT_RETAIN_SELF = YES;
				CLANG_WARN_OBJC_LITERAL_CONVERSION = YES;
				CLANG_WARN_OBJC_ROOT_CLASS = YES_ERROR;
				CLANG_WARN_QUOTED_INCLUDE_IN_FRAMEWORK_HEADER = YES;
				CLANG_WARN_RANGE_LOOP_ANALYSIS = YES;
				CLANG_WARN_STRICT_PROTOTYPES = YES;
				CLANG_WARN_SUSPICIOUS_MOVE = YES;
				CLANG_WARN_UNGUARDED_AVAILABILITY = YES_AGGRESSIVE;
				CLANG_WARN_UNREACHABLE_CODE = YES;
				CLANG_WARN__DUPLICATE_METHOD_MATCH = YES;
				COPY_PHASE_STRIP = NO;
				DEBUG_INFORMATION_FORMAT = dwarf;
				ENABLE_STRICT_OBJC_MSGSEND = YES;
				ENABLE_TESTABILITY = YES;
				GCC_C_LANGUAGE_STANDARD = gnu11;
				GCC_DYNAMIC_NO_PIC = NO;
				GCC_NO_COMMON_BLOCKS = YES;
				GCC_OPTIMIZATION_LEVEL = 0;
				GCC_PREPROCESSOR_DEFINITIONS = (
					"DEBUG=1",
					"$(inherited)",
				);
				GCC_WARN_64_TO_32_BIT_CONVERSION = YES;
				GCC_WARN_ABOUT_RETURN_TYPE = YES_ERROR;
				GCC_WARN_UNDECLARED_SELECTOR = YES;
				GCC_WARN_UNINITIALIZED_AUTOS = YES_AGGRESSIVE;
				GCC_WARN_UNUSED_FUNCTION = YES;
				GCC_WARN_UNUSED_VARIABLE = YES;
				IPHONEOS_DEPLOYMENT_TARGET = 16.1;
				MTL_ENABLE_DEBUG_INFO = INCLUDE_SOURCE;
				MTL_FAST_MATH = YES;
				ONLY_ACTIVE_ARCH = YES;
				SDKROOT = iphoneos;
				SWIFT_ACTIVE_COMPILATION_CONDITIONS = DEBUG;
				SWIFT_OPTIMIZATION_LEVEL = "-Onone";
			};
			name = Debug;
		};
		AF8445D72BA72367007B9E6B /* Release */ = {
			isa = XCBuildConfiguration;
			buildSettings = {
				ALWAYS_SEARCH_USER_PATHS = NO;
				CLANG_ANALYZER_NONNULL = YES;
				CLANG_ANALYZER_NUMBER_OBJECT_CONVERSION = YES_AGGRESSIVE;
				CLANG_CXX_LANGUAGE_STANDARD = "gnu++20";
				CLANG_ENABLE_MODULES = YES;
				CLANG_ENABLE_OBJC_ARC = YES;
				CLANG_ENABLE_OBJC_WEAK = YES;
				CLANG_WARN_BLOCK_CAPTURE_AUTORELEASING = YES;
				CLANG_WARN_BOOL_CONVERSION = YES;
				CLANG_WARN_COMMA = YES;
				CLANG_WARN_CONSTANT_CONVERSION = YES;
				CLANG_WARN_DEPRECATED_OBJC_IMPLEMENTATIONS = YES;
				CLANG_WARN_DIRECT_OBJC_ISA_USAGE = YES_ERROR;
				CLANG_WARN_DOCUMENTATION_COMMENTS = YES;
				CLANG_WARN_EMPTY_BODY = YES;
				CLANG_WARN_ENUM_CONVERSION = YES;
				CLANG_WARN_INFINITE_RECURSION = YES;
				CLANG_WARN_INT_CONVERSION = YES;
				CLANG_WARN_NON_LITERAL_NULL_CONVERSION = YES;
				CLANG_WARN_OBJC_IMPLICIT_RETAIN_SELF = YES;
				CLANG_WARN_OBJC_LITERAL_CONVERSION = YES;
				CLANG_WARN_OBJC_ROOT_CLASS = YES_ERROR;
				CLANG_WARN_QUOTED_INCLUDE_IN_FRAMEWORK_HEADER = YES;
				CLANG_WARN_RANGE_LOOP_ANALYSIS = YES;
				CLANG_WARN_STRICT_PROTOTYPES = YES;
				CLANG_WARN_SUSPICIOUS_MOVE = YES;
				CLANG_WARN_UNGUARDED_AVAILABILITY = YES_AGGRESSIVE;
				CLANG_WARN_UNREACHABLE_CODE = YES;
				CLANG_WARN__DUPLICATE_METHOD_MATCH = YES;
				COPY_PHASE_STRIP = NO;
				DEBUG_INFORMATION_FORMAT = "dwarf-with-dsym";
				ENABLE_NS_ASSERTIONS = NO;
				ENABLE_STRICT_OBJC_MSGSEND = YES;
				GCC_C_LANGUAGE_STANDARD = gnu11;
				GCC_NO_COMMON_BLOCKS = YES;
				GCC_WARN_64_TO_32_BIT_CONVERSION = YES;
				GCC_WARN_ABOUT_RETURN_TYPE = YES_ERROR;
				GCC_WARN_UNDECLARED_SELECTOR = YES;
				GCC_WARN_UNINITIALIZED_AUTOS = YES_AGGRESSIVE;
				GCC_WARN_UNUSED_FUNCTION = YES;
				GCC_WARN_UNUSED_VARIABLE = YES;
				IPHONEOS_DEPLOYMENT_TARGET = 16.1;
				MTL_ENABLE_DEBUG_INFO = NO;
				MTL_FAST_MATH = YES;
				SDKROOT = iphoneos;
				SWIFT_COMPILATION_MODE = wholemodule;
				SWIFT_OPTIMIZATION_LEVEL = "-O";
				VALIDATE_PRODUCT = YES;
			};
			name = Release;
		};
		AF8445D92BA72367007B9E6B /* Debug */ = {
			isa = XCBuildConfiguration;
			buildSettings = {
				ASSETCATALOG_COMPILER_APPICON_NAME = AppIcon;
				ASSETCATALOG_COMPILER_GLOBAL_ACCENT_COLOR_NAME = AccentColor;
				CODE_SIGN_STYLE = Automatic;
				CURRENT_PROJECT_VERSION = 1;
				DEVELOPMENT_ASSET_PATHS = "\"LogLife/Preview Content\"";
				DEVELOPMENT_TEAM = T32YNJG3RS;
				ENABLE_PREVIEWS = YES;
				GENERATE_INFOPLIST_FILE = YES;
				INFOPLIST_KEY_UIApplicationSceneManifest_Generation = YES;
				INFOPLIST_KEY_UIApplicationSupportsIndirectInputEvents = YES;
				INFOPLIST_KEY_UILaunchScreen_Generation = YES;
				INFOPLIST_KEY_UISupportedInterfaceOrientations_iPad = "UIInterfaceOrientationPortrait UIInterfaceOrientationPortraitUpsideDown UIInterfaceOrientationLandscapeLeft UIInterfaceOrientationLandscapeRight";
				INFOPLIST_KEY_UISupportedInterfaceOrientations_iPhone = "UIInterfaceOrientationPortrait UIInterfaceOrientationLandscapeLeft UIInterfaceOrientationLandscapeRight";
				LD_RUNPATH_SEARCH_PATHS = (
					"$(inherited)",
					"@executable_path/Frameworks",
				);
				MARKETING_VERSION = 1.0;
				PRODUCT_BUNDLE_IDENTIFIER = JSDG8.LogLife;
				PRODUCT_NAME = "$(TARGET_NAME)";
				SWIFT_EMIT_LOC_STRINGS = YES;
				SWIFT_VERSION = 5.0;
				TARGETED_DEVICE_FAMILY = "1,2";
			};
			name = Debug;
		};
		AF8445DA2BA72367007B9E6B /* Release */ = {
			isa = XCBuildConfiguration;
			buildSettings = {
				ASSETCATALOG_COMPILER_APPICON_NAME = AppIcon;
				ASSETCATALOG_COMPILER_GLOBAL_ACCENT_COLOR_NAME = AccentColor;
				CODE_SIGN_STYLE = Automatic;
				CURRENT_PROJECT_VERSION = 1;
				DEVELOPMENT_ASSET_PATHS = "\"LogLife/Preview Content\"";
				DEVELOPMENT_TEAM = T32YNJG3RS;
				ENABLE_PREVIEWS = YES;
				GENERATE_INFOPLIST_FILE = YES;
				INFOPLIST_KEY_UIApplicationSceneManifest_Generation = YES;
				INFOPLIST_KEY_UIApplicationSupportsIndirectInputEvents = YES;
				INFOPLIST_KEY_UILaunchScreen_Generation = YES;
				INFOPLIST_KEY_UISupportedInterfaceOrientations_iPad = "UIInterfaceOrientationPortrait UIInterfaceOrientationPortraitUpsideDown UIInterfaceOrientationLandscapeLeft UIInterfaceOrientationLandscapeRight";
				INFOPLIST_KEY_UISupportedInterfaceOrientations_iPhone = "UIInterfaceOrientationPortrait UIInterfaceOrientationLandscapeLeft UIInterfaceOrientationLandscapeRight";
				LD_RUNPATH_SEARCH_PATHS = (
					"$(inherited)",
					"@executable_path/Frameworks",
				);
				MARKETING_VERSION = 1.0;
				PRODUCT_BUNDLE_IDENTIFIER = JSDG8.LogLife;
				PRODUCT_NAME = "$(TARGET_NAME)";
				SWIFT_EMIT_LOC_STRINGS = YES;
				SWIFT_VERSION = 5.0;
				TARGETED_DEVICE_FAMILY = "1,2";
			};
			name = Release;
		};
		AF8445DC2BA72367007B9E6B /* Debug */ = {
			isa = XCBuildConfiguration;
			buildSettings = {
				ALWAYS_EMBED_SWIFT_STANDARD_LIBRARIES = YES;
				BUNDLE_LOADER = "$(TEST_HOST)";
				CODE_SIGN_STYLE = Automatic;
				CURRENT_PROJECT_VERSION = 1;
				DEVELOPMENT_TEAM = T32YNJG3RS;
				GENERATE_INFOPLIST_FILE = YES;
				IPHONEOS_DEPLOYMENT_TARGET = 16.1;
				MARKETING_VERSION = 1.0;
				PRODUCT_BUNDLE_IDENTIFIER = JSDG8.LogLifeTests;
				PRODUCT_NAME = "$(TARGET_NAME)";
				SWIFT_EMIT_LOC_STRINGS = NO;
				SWIFT_VERSION = 5.0;
				TARGETED_DEVICE_FAMILY = "1,2";
				TEST_HOST = "$(BUILT_PRODUCTS_DIR)/LogLife.app/$(BUNDLE_EXECUTABLE_FOLDER_PATH)/LogLife";
			};
			name = Debug;
		};
		AF8445DD2BA72367007B9E6B /* Release */ = {
			isa = XCBuildConfiguration;
			buildSettings = {
				ALWAYS_EMBED_SWIFT_STANDARD_LIBRARIES = YES;
				BUNDLE_LOADER = "$(TEST_HOST)";
				CODE_SIGN_STYLE = Automatic;
				CURRENT_PROJECT_VERSION = 1;
				DEVELOPMENT_TEAM = T32YNJG3RS;
				GENERATE_INFOPLIST_FILE = YES;
				IPHONEOS_DEPLOYMENT_TARGET = 16.1;
				MARKETING_VERSION = 1.0;
				PRODUCT_BUNDLE_IDENTIFIER = JSDG8.LogLifeTests;
				PRODUCT_NAME = "$(TARGET_NAME)";
				SWIFT_EMIT_LOC_STRINGS = NO;
				SWIFT_VERSION = 5.0;
				TARGETED_DEVICE_FAMILY = "1,2";
				TEST_HOST = "$(BUILT_PRODUCTS_DIR)/LogLife.app/$(BUNDLE_EXECUTABLE_FOLDER_PATH)/LogLife";
			};
			name = Release;
		};
		AF8445DF2BA72367007B9E6B /* Debug */ = {
			isa = XCBuildConfiguration;
			buildSettings = {
				ALWAYS_EMBED_SWIFT_STANDARD_LIBRARIES = YES;
				CODE_SIGN_STYLE = Automatic;
				CURRENT_PROJECT_VERSION = 1;
				DEVELOPMENT_TEAM = T32YNJG3RS;
				GENERATE_INFOPLIST_FILE = YES;
				MARKETING_VERSION = 1.0;
				PRODUCT_BUNDLE_IDENTIFIER = JSDG8.LogLifeUITests;
				PRODUCT_NAME = "$(TARGET_NAME)";
				SWIFT_EMIT_LOC_STRINGS = NO;
				SWIFT_VERSION = 5.0;
				TARGETED_DEVICE_FAMILY = "1,2";
				TEST_TARGET_NAME = LogLife;
			};
			name = Debug;
		};
		AF8445E02BA72367007B9E6B /* Release */ = {
			isa = XCBuildConfiguration;
			buildSettings = {
				ALWAYS_EMBED_SWIFT_STANDARD_LIBRARIES = YES;
				CODE_SIGN_STYLE = Automatic;
				CURRENT_PROJECT_VERSION = 1;
				DEVELOPMENT_TEAM = T32YNJG3RS;
				GENERATE_INFOPLIST_FILE = YES;
				MARKETING_VERSION = 1.0;
				PRODUCT_BUNDLE_IDENTIFIER = JSDG8.LogLifeUITests;
				PRODUCT_NAME = "$(TARGET_NAME)";
				SWIFT_EMIT_LOC_STRINGS = NO;
				SWIFT_VERSION = 5.0;
				TARGETED_DEVICE_FAMILY = "1,2";
				TEST_TARGET_NAME = LogLife;
			};
			name = Release;
		};
/* End XCBuildConfiguration section */

/* Begin XCConfigurationList section */
		AF8445AF2BA72366007B9E6B /* Build configuration list for PBXProject "LogLife" */ = {
			isa = XCConfigurationList;
			buildConfigurations = (
				AF8445D62BA72367007B9E6B /* Debug */,
				AF8445D72BA72367007B9E6B /* Release */,
			);
			defaultConfigurationIsVisible = 0;
			defaultConfigurationName = Release;
		};
		AF8445D82BA72367007B9E6B /* Build configuration list for PBXNativeTarget "LogLife" */ = {
			isa = XCConfigurationList;
			buildConfigurations = (
				AF8445D92BA72367007B9E6B /* Debug */,
				AF8445DA2BA72367007B9E6B /* Release */,
			);
			defaultConfigurationIsVisible = 0;
			defaultConfigurationName = Release;
		};
		AF8445DB2BA72367007B9E6B /* Build configuration list for PBXNativeTarget "LogLifeTests" */ = {
			isa = XCConfigurationList;
			buildConfigurations = (
				AF8445DC2BA72367007B9E6B /* Debug */,
				AF8445DD2BA72367007B9E6B /* Release */,
			);
			defaultConfigurationIsVisible = 0;
			defaultConfigurationName = Release;
		};
		AF8445DE2BA72367007B9E6B /* Build configuration list for PBXNativeTarget "LogLifeUITests" */ = {
			isa = XCConfigurationList;
			buildConfigurations = (
				AF8445DF2BA72367007B9E6B /* Debug */,
				AF8445E02BA72367007B9E6B /* Release */,
			);
			defaultConfigurationIsVisible = 0;
			defaultConfigurationName = Release;
		};
/* End XCConfigurationList section */
	};
	rootObject = AF8445AC2BA72366007B9E6B /* Project object */;
}
